
Microsoft Visual Studio Solution File, Format Version 12.00
# Visual Studio Version 16
VisualStudioVersion = 16.0.29409.12
MinimumVisualStudioVersion = 10.0.40219.1
Project("{8BC9CEB8-8B4A-11D0-8D11-00A0C91BC942}") = "Dijkstra", "Dijkstra\Dijkstra.vcxproj", "{77746479-A8C0-4D31-B559-3D64BD8695DE}"
EndProject
Global
	GlobalSection(SolutionConfigurationPlatforms) = preSolution
		Debug|x64 = Debug|x64
		Debug|x86 = Debug|x86
		Release|x64 = Release|x64
		Release|x86 = Release|x86
	EndGlobalSection
	GlobalSection(ProjectConfigurationPlatforms) = postSolution
		{77746479-A8C0-4D31-B559-3D64BD8695DE}.Debug|x64.ActiveCfg = Debug|x64
		{77746479-A8C0-4D31-B559-3D64BD8695DE}.Debug|x64.Build.0 = Debug|x64
		{77746479-A8C0-4D31-B559-3D64BD8695DE}.Debug|x86.ActiveCfg = Debug|Win32
		{77746479-A8C0-4D31-B559-3D64BD8695DE}.Debug|x86.Build.0 = Debug|Win32
		{77746479-A8C0-4D31-B559-3D64BD8695DE}.Release|x64.ActiveCfg = Release|x64
		{77746479-A8C0-4D31-B559-3D64BD8695DE}.Release|x64.Build.0 = Release|x64
		{77746479-A8C0-4D31-B559-3D64BD8695DE}.Release|x86.ActiveCfg = Release|Win32
		{77746479-A8C0-4D31-B559-3D64BD8695DE}.Release|x86.Build.0 = Release|Win32
	EndGlobalSection
	GlobalSection(SolutionProperties) = preSolution
		HideSolutionNode = FALSE
	EndGlobalSection
	GlobalSection(ExtensibilityGlobals) = postSolution
		SolutionGuid = {E5966B7F-7298-44C2-9E2B-B41B373FA696}
	EndGlobalSection
EndGlobal
