
Microsoft Visual Studio Solution File, Format Version 12.00
# Visual Studio Version 16
VisualStudioVersion = 16.0.29409.12
MinimumVisualStudioVersion = 10.0.40219.1
Project("{8BC9CEB8-8B4A-11D0-8D11-00A0C91BC942}") = "lcz", "lcz\lcz.vcxproj", "{ECBB93C1-B213-4E44-8271-C5EC724E25F4}"
EndProject
Global
	GlobalSection(SolutionConfigurationPlatforms) = preSolution
		Debug|x64 = Debug|x64
		Debug|x86 = Debug|x86
		Release|x64 = Release|x64
		Release|x86 = Release|x86
	EndGlobalSection
	GlobalSection(ProjectConfigurationPlatforms) = postSolution
		{ECBB93C1-B213-4E44-8271-C5EC724E25F4}.Debug|x64.ActiveCfg = Debug|x64
		{ECBB93C1-B213-4E44-8271-C5EC724E25F4}.Debug|x64.Build.0 = Debug|x64
		{ECBB93C1-B213-4E44-8271-C5EC724E25F4}.Debug|x86.ActiveCfg = Debug|Win32
		{ECBB93C1-B213-4E44-8271-C5EC724E25F4}.Debug|x86.Build.0 = Debug|Win32
		{ECBB93C1-B213-4E44-8271-C5EC724E25F4}.Release|x64.ActiveCfg = Release|x64
		{ECBB93C1-B213-4E44-8271-C5EC724E25F4}.Release|x64.Build.0 = Release|x64
		{ECBB93C1-B213-4E44-8271-C5EC724E25F4}.Release|x86.ActiveCfg = Release|Win32
		{ECBB93C1-B213-4E44-8271-C5EC724E25F4}.Release|x86.Build.0 = Release|Win32
	EndGlobalSection
	GlobalSection(SolutionProperties) = preSolution
		HideSolutionNode = FALSE
	EndGlobalSection
	GlobalSection(ExtensibilityGlobals) = postSolution
		SolutionGuid = {AAD8E087-5A2E-4DF1-BC7A-AD98E0A95FC7}
	EndGlobalSection
EndGlobal
